
Microsoft Visual Studio Solution File, Format Version 12.00
Project("{FAE04EC0-301F-11D3-BF4B-00C04F79EFBC}") = "Netw_HW2", "Netw_HW2\Netw_HW2.csproj", "{CA628A2C-D4D6-49C3-A9F6-493C0E1AEA1F}"
EndProject
Project("{FAE04EC0-301F-11D3-BF4B-00C04F79EFBC}") = "Netw_HW2_serv", "Netw_HW2_serv\Netw_HW2_serv.csproj", "{F6DAEF7D-0E59-4B42-9FFE-E04FE3EA91DD}"
EndProject
Global
	GlobalSection(SolutionConfigurationPlatforms) = preSolution
		Debug|Any CPU = Debug|Any CPU
		Release|Any CPU = Release|Any CPU
	EndGlobalSection
	GlobalSection(ProjectConfigurationPlatforms) = postSolution
		{CA628A2C-D4D6-49C3-A9F6-493C0E1AEA1F}.Debug|Any CPU.ActiveCfg = Debug|Any CPU
		{CA628A2C-D4D6-49C3-A9F6-493C0E1AEA1F}.Debug|Any CPU.Build.0 = Debug|Any CPU
		{CA628A2C-D4D6-49C3-A9F6-493C0E1AEA1F}.Release|Any CPU.ActiveCfg = Release|Any CPU
		{CA628A2C-D4D6-49C3-A9F6-493C0E1AEA1F}.Release|Any CPU.Build.0 = Release|Any CPU
		{F6DAEF7D-0E59-4B42-9FFE-E04FE3EA91DD}.Debug|Any CPU.ActiveCfg = Debug|Any CPU
		{F6DAEF7D-0E59-4B42-9FFE-E04FE3EA91DD}.Debug|Any CPU.Build.0 = Debug|Any CPU
		{F6DAEF7D-0E59-4B42-9FFE-E04FE3EA91DD}.Release|Any CPU.ActiveCfg = Release|Any CPU
		{F6DAEF7D-0E59-4B42-9FFE-E04FE3EA91DD}.Release|Any CPU.Build.0 = Release|Any CPU
	EndGlobalSection
EndGlobal
